// !$*UTF8*$!
{
	archiveVersion = 1;
	classes = {
	};
	objectVersion = 55;
	objects = {

/* Begin PBXBuildFile section */
		192A5AC927E0E53F00ABC392 /* Tests_iOS.swift in Sources */ = {isa = PBXBuildFile; fileRef = 192A5AC827E0E53F00ABC392 /* Tests_iOS.swift */; };
		192A5ACB27E0E53F00ABC392 /* Tests_iOSLaunchTests.swift in Sources */ = {isa = PBXBuildFile; fileRef = 192A5ACA27E0E53F00ABC392 /* Tests_iOSLaunchTests.swift */; };
		192A5AD527E0E53F00ABC392 /* Tests_macOS.swift in Sources */ = {isa = PBXBuildFile; fileRef = 192A5AD427E0E53F00ABC392 /* Tests_macOS.swift */; };
		192A5AD727E0E53F00ABC392 /* Tests_macOSLaunchTests.swift in Sources */ = {isa = PBXBuildFile; fileRef = 192A5AD627E0E53F00ABC392 /* Tests_macOSLaunchTests.swift */; };
		192A5AD827E0E53F00ABC392 /* TMDBApp.swift in Sources */ = {isa = PBXBuildFile; fileRef = 192A5AB027E0E53E00ABC392 /* TMDBApp.swift */; };
		192A5AD927E0E53F00ABC392 /* TMDBApp.swift in Sources */ = {isa = PBXBuildFile; fileRef = 192A5AB027E0E53E00ABC392 /* TMDBApp.swift */; };
		192A5ADA27E0E53F00ABC392 /* ContentView.swift in Sources */ = {isa = PBXBuildFile; fileRef = 192A5AB127E0E53E00ABC392 /* ContentView.swift */; };
		192A5ADB27E0E53F00ABC392 /* ContentView.swift in Sources */ = {isa = PBXBuildFile; fileRef = 192A5AB127E0E53E00ABC392 /* ContentView.swift */; };
		192A5ADC27E0E53F00ABC392 /* Assets.xcassets in Resources */ = {isa = PBXBuildFile; fileRef = 192A5AB227E0E53F00ABC392 /* Assets.xcassets */; };
		192A5ADD27E0E53F00ABC392 /* Assets.xcassets in Resources */ = {isa = PBXBuildFile; fileRef = 192A5AB227E0E53F00ABC392 /* Assets.xcassets */; };
/* End PBXBuildFile section */

/* Begin PBXContainerItemProxy section */
		192A5AC527E0E53F00ABC392 /* PBXContainerItemProxy */ = {
			isa = PBXContainerItemProxy;
			containerPortal = 192A5AAB27E0E53E00ABC392 /* Project object */;
			proxyType = 1;
			remoteGlobalIDString = 192A5AB627E0E53F00ABC392;
			remoteInfo = "TMDB (iOS)";
		};
		192A5AD127E0E53F00ABC392 /* PBXContainerItemProxy */ = {
			isa = PBXContainerItemProxy;
			containerPortal = 192A5AAB27E0E53E00ABC392 /* Project object */;
			proxyType = 1;
			remoteGlobalIDString = 192A5ABC27E0E53F00ABC392;
			remoteInfo = "TMDB (macOS)";
		};
/* End PBXContainerItemProxy section */

/* Begin PBXFileReference section */
		192A5AB027E0E53E00ABC392 /* TMDBApp.swift */ = {isa = PBXFileReference; lastKnownFileType = sourcecode.swift; path = TMDBApp.swift; sourceTree = "<group>"; };
		192A5AB127E0E53E00ABC392 /* ContentView.swift */ = {isa = PBXFileReference; lastKnownFileType = sourcecode.swift; path = ContentView.swift; sourceTree = "<group>"; };
		192A5AB227E0E53F00ABC392 /* Assets.xcassets */ = {isa = PBXFileReference; lastKnownFileType = folder.assetcatalog; path = Assets.xcassets; sourceTree = "<group>"; };
		192A5AB727E0E53F00ABC392 /* TMDB.app */ = {isa = PBXFileReference; explicitFileType = wrapper.application; includeInIndex = 0; path = TMDB.app; sourceTree = BUILT_PRODUCTS_DIR; };
		192A5ABD27E0E53F00ABC392 /* TMDB.app */ = {isa = PBXFileReference; explicitFileType = wrapper.application; includeInIndex = 0; path = TMDB.app; sourceTree = BUILT_PRODUCTS_DIR; };
		192A5ABF27E0E53F00ABC392 /* macOS.entitlements */ = {isa = PBXFileReference; lastKnownFileType = text.plist.entitlements; path = macOS.entitlements; sourceTree = "<group>"; };
		192A5AC427E0E53F00ABC392 /* Tests iOS.xctest */ = {isa = PBXFileReference; explicitFileType = wrapper.cfbundle; includeInIndex = 0; path = "Tests iOS.xctest"; sourceTree = BUILT_PRODUCTS_DIR; };
		192A5AC827E0E53F00ABC392 /* Tests_iOS.swift */ = {isa = PBXFileReference; lastKnownFileType = sourcecode.swift; path = Tests_iOS.swift; sourceTree = "<group>"; };
		192A5ACA27E0E53F00ABC392 /* Tests_iOSLaunchTests.swift */ = {isa = PBXFileReference; lastKnownFileType = sourcecode.swift; path = Tests_iOSLaunchTests.swift; sourceTree = "<group>"; };
		192A5AD027E0E53F00ABC392 /* Tests macOS.xctest */ = {isa = PBXFileReference; explicitFileType = wrapper.cfbundle; includeInIndex = 0; path = "Tests macOS.xctest"; sourceTree = BUILT_PRODUCTS_DIR; };
		192A5AD427E0E53F00ABC392 /* Tests_macOS.swift */ = {isa = PBXFileReference; lastKnownFileType = sourcecode.swift; path = Tests_macOS.swift; sourceTree = "<group>"; };
		192A5AD627E0E53F00ABC392 /* Tests_macOSLaunchTests.swift */ = {isa = PBXFileReference; lastKnownFileType = sourcecode.swift; path = Tests_macOSLaunchTests.swift; sourceTree = "<group>"; };
/* End PBXFileReference section */

/* Begin PBXFrameworksBuildPhase section */
		192A5AB427E0E53F00ABC392 /* Frameworks */ = {
			isa = PBXFrameworksBuildPhase;
			buildActionMask = 2147483647;
			files = (
			);
			runOnlyForDeploymentPostprocessing = 0;
		};
		192A5ABA27E0E53F00ABC392 /* Frameworks */ = {
			isa = PBXFrameworksBuildPhase;
			buildActionMask = 2147483647;
			files = (
			);
			runOnlyForDeploymentPostprocessing = 0;
		};
		192A5AC127E0E53F00ABC392 /* Frameworks */ = {
			isa = PBXFrameworksBuildPhase;
			buildActionMask = 2147483647;
			files = (
			);
			runOnlyForDeploymentPostprocessing = 0;
		};
		192A5ACD27E0E53F00ABC392 /* Frameworks */ = {
			isa = PBXFrameworksBuildPhase;
			buildActionMask = 2147483647;
			files = (
			);
			runOnlyForDeploymentPostprocessing = 0;
		};
/* End PBXFrameworksBuildPhase section */

/* Begin PBXGroup section */
		192A5AAA27E0E53E00ABC392 = {
			isa = PBXGroup;
			children = (
				192A5AAF27E0E53E00ABC392 /* Shared */,
				192A5ABE27E0E53F00ABC392 /* macOS */,
				192A5AC727E0E53F00ABC392 /* Tests iOS */,
				192A5AD327E0E53F00ABC392 /* Tests macOS */,
				192A5AB827E0E53F00ABC392 /* Products */,
			);
			sourceTree = "<group>";
		};
		192A5AAF27E0E53E00ABC392 /* Shared */ = {
			isa = PBXGroup;
			children = (
				192A5AB027E0E53E00ABC392 /* TMDBApp.swift */,
				192A5AB127E0E53E00ABC392 /* ContentView.swift */,
				192A5AB227E0E53F00ABC392 /* Assets.xcassets */,
			);
			path = Shared;
			sourceTree = "<group>";
		};
		192A5AB827E0E53F00ABC392 /* Products */ = {
			isa = PBXGroup;
			children = (
				192A5AB727E0E53F00ABC392 /* TMDB.app */,
				192A5ABD27E0E53F00ABC392 /* TMDB.app */,
				192A5AC427E0E53F00ABC392 /* Tests iOS.xctest */,
				192A5AD027E0E53F00ABC392 /* Tests macOS.xctest */,
			);
			name = Products;
			sourceTree = "<group>";
		};
		192A5ABE27E0E53F00ABC392 /* macOS */ = {
			isa = PBXGroup;
			children = (
				192A5ABF27E0E53F00ABC392 /* macOS.entitlements */,
			);
			path = macOS;
			sourceTree = "<group>";
		};
		192A5AC727E0E53F00ABC392 /* Tests iOS */ = {
			isa = PBXGroup;
			children = (
				192A5AC827E0E53F00ABC392 /* Tests_iOS.swift */,
				192A5ACA27E0E53F00ABC392 /* Tests_iOSLaunchTests.swift */,
			);
			path = "Tests iOS";
			sourceTree = "<group>";
		};
		192A5AD327E0E53F00ABC392 /* Tests macOS */ = {
			isa = PBXGroup;
			children = (
				192A5AD427E0E53F00ABC392 /* Tests_macOS.swift */,
				192A5AD627E0E53F00ABC392 /* Tests_macOSLaunchTests.swift */,
			);
			path = "Tests macOS";
			sourceTree = "<group>";
		};
/* End PBXGroup section */

/* Begin PBXNativeTarget section */
		192A5AB627E0E53F00ABC392 /* TMDB (iOS) */ = {
			isa = PBXNativeTarget;
			buildConfigurationList = 192A5AE027E0E53F00ABC392 /* Build configuration list for PBXNativeTarget "TMDB (iOS)" */;
			buildPhases = (
				192A5AB327E0E53F00ABC392 /* Sources */,
				192A5AB427E0E53F00ABC392 /* Frameworks */,
				192A5AB527E0E53F00ABC392 /* Resources */,
			);
			buildRules = (
			);
			dependencies = (
			);
			name = "TMDB (iOS)";
			productName = "TMDB (iOS)";
			productReference = 192A5AB727E0E53F00ABC392 /* TMDB.app */;
			productType = "com.apple.product-type.application";
		};
		192A5ABC27E0E53F00ABC392 /* TMDB (macOS) */ = {
			isa = PBXNativeTarget;
			buildConfigurationList = 192A5AE327E0E53F00ABC392 /* Build configuration list for PBXNativeTarget "TMDB (macOS)" */;
			buildPhases = (
				192A5AB927E0E53F00ABC392 /* Sources */,
				192A5ABA27E0E53F00ABC392 /* Frameworks */,
				192A5ABB27E0E53F00ABC392 /* Resources */,
			);
			buildRules = (
			);
			dependencies = (
			);
			name = "TMDB (macOS)";
			productName = "TMDB (macOS)";
			productReference = 192A5ABD27E0E53F00ABC392 /* TMDB.app */;
			productType = "com.apple.product-type.application";
		};
		192A5AC327E0E53F00ABC392 /* Tests iOS */ = {
			isa = PBXNativeTarget;
			buildConfigurationList = 192A5AE627E0E53F00ABC392 /* Build configuration list for PBXNativeTarget "Tests iOS" */;
			buildPhases = (
				192A5AC027E0E53F00ABC392 /* Sources */,
				192A5AC127E0E53F00ABC392 /* Frameworks */,
				192A5AC227E0E53F00ABC392 /* Resources */,
			);
			buildRules = (
			);
			dependencies = (
				192A5AC627E0E53F00ABC392 /* PBXTargetDependency */,
			);
			name = "Tests iOS";
			productName = "Tests iOS";
			productReference = 192A5AC427E0E53F00ABC392 /* Tests iOS.xctest */;
			productType = "com.apple.product-type.bundle.ui-testing";
		};
		192A5ACF27E0E53F00ABC392 /* Tests macOS */ = {
			isa = PBXNativeTarget;
			buildConfigurationList = 192A5AE927E0E53F00ABC392 /* Build configuration list for PBXNativeTarget "Tests macOS" */;
			buildPhases = (
				192A5ACC27E0E53F00ABC392 /* Sources */,
				192A5ACD27E0E53F00ABC392 /* Frameworks */,
				192A5ACE27E0E53F00ABC392 /* Resources */,
			);
			buildRules = (
			);
			dependencies = (
				192A5AD227E0E53F00ABC392 /* PBXTargetDependency */,
			);
			name = "Tests macOS";
			productName = "Tests macOS";
			productReference = 192A5AD027E0E53F00ABC392 /* Tests macOS.xctest */;
			productType = "com.apple.product-type.bundle.ui-testing";
		};
/* End PBXNativeTarget section */

/* Begin PBXProject section */
		192A5AAB27E0E53E00ABC392 /* Project object */ = {
			isa = PBXProject;
			attributes = {
				BuildIndependentTargetsInParallel = 1;
				LastSwiftUpdateCheck = 1320;
				LastUpgradeCheck = 1320;
				TargetAttributes = {
					192A5AB627E0E53F00ABC392 = {
						CreatedOnToolsVersion = 13.2.1;
					};
					192A5ABC27E0E53F00ABC392 = {
						CreatedOnToolsVersion = 13.2.1;
					};
					192A5AC327E0E53F00ABC392 = {
						CreatedOnToolsVersion = 13.2.1;
						TestTargetID = 192A5AB627E0E53F00ABC392;
					};
					192A5ACF27E0E53F00ABC392 = {
						CreatedOnToolsVersion = 13.2.1;
						TestTargetID = 192A5ABC27E0E53F00ABC392;
					};
				};
			};
			buildConfigurationList = 192A5AAE27E0E53E00ABC392 /* Build configuration list for PBXProject "TMDB" */;
			compatibilityVersion = "Xcode 13.0";
			developmentRegion = en;
			hasScannedForEncodings = 0;
			knownRegions = (
				en,
				Base,
			);
			mainGroup = 192A5AAA27E0E53E00ABC392;
			productRefGroup = 192A5AB827E0E53F00ABC392 /* Products */;
			projectDirPath = "";
			projectRoot = "";
			targets = (
				192A5AB627E0E53F00ABC392 /* TMDB (iOS) */,
				192A5ABC27E0E53F00ABC392 /* TMDB (macOS) */,
				192A5AC327E0E53F00ABC392 /* Tests iOS */,
				192A5ACF27E0E53F00ABC392 /* Tests macOS */,
			);
		};
/* End PBXProject section */

/* Begin PBXResourcesBuildPhase section */
		192A5AB527E0E53F00ABC392 /* Resources */ = {
			isa = PBXResourcesBuildPhase;
			buildActionMask = 2147483647;
			files = (
				192A5ADC27E0E53F00ABC392 /* Assets.xcassets in Resources */,
			);
			runOnlyForDeploymentPostprocessing = 0;
		};
		192A5ABB27E0E53F00ABC392 /* Resources */ = {
			isa = PBXResourcesBuildPhase;
			buildActionMask = 2147483647;
			files = (
				192A5ADD27E0E53F00ABC392 /* Assets.xcassets in Resources */,
			);
			runOnlyForDeploymentPostprocessing = 0;
		};
		192A5AC227E0E53F00ABC392 /* Resources */ = {
			isa = PBXResourcesBuildPhase;
			buildActionMask = 2147483647;
			files = (
			);
			runOnlyForDeploymentPostprocessing = 0;
		};
		192A5ACE27E0E53F00ABC392 /* Resources */ = {
			isa = PBXResourcesBuildPhase;
			buildActionMask = 2147483647;
			files = (
			);
			runOnlyForDeploymentPostprocessing = 0;
		};
/* End PBXResourcesBuildPhase section */

/* Begin PBXSourcesBuildPhase section */
		192A5AB327E0E53F00ABC392 /* Sources */ = {
			isa = PBXSourcesBuildPhase;
			buildActionMask = 2147483647;
			files = (
				192A5ADA27E0E53F00ABC392 /* ContentView.swift in Sources */,
				192A5AD827E0E53F00ABC392 /* TMDBApp.swift in Sources */,
			);
			runOnlyForDeploymentPostprocessing = 0;
		};
		192A5AB927E0E53F00ABC392 /* Sources */ = {
			isa = PBXSourcesBuildPhase;
			buildActionMask = 2147483647;
			files = (
				192A5ADB27E0E53F00ABC392 /* ContentView.swift in Sources */,
				192A5AD927E0E53F00ABC392 /* TMDBApp.swift in Sources */,
			);
			runOnlyForDeploymentPostprocessing = 0;
		};
		192A5AC027E0E53F00ABC392 /* Sources */ = {
			isa = PBXSourcesBuildPhase;
			buildActionMask = 2147483647;
			files = (
				192A5ACB27E0E53F00ABC392 /* Tests_iOSLaunchTests.swift in Sources */,
				192A5AC927E0E53F00ABC392 /* Tests_iOS.swift in Sources */,
			);
			runOnlyForDeploymentPostprocessing = 0;
		};
		192A5ACC27E0E53F00ABC392 /* Sources */ = {
			isa = PBXSourcesBuildPhase;
			buildActionMask = 2147483647;
			files = (
				192A5AD727E0E53F00ABC392 /* Tests_macOSLaunchTests.swift in Sources */,
				192A5AD527E0E53F00ABC392 /* Tests_macOS.swift in Sources */,
			);
			runOnlyForDeploymentPostprocessing = 0;
		};
/* End PBXSourcesBuildPhase section */

/* Begin PBXTargetDependency section */
		192A5AC627E0E53F00ABC392 /* PBXTargetDependency */ = {
			isa = PBXTargetDependency;
			target = 192A5AB627E0E53F00ABC392 /* TMDB (iOS) */;
			targetProxy = 192A5AC527E0E53F00ABC392 /* PBXContainerItemProxy */;
		};
		192A5AD227E0E53F00ABC392 /* PBXTargetDependency */ = {
			isa = PBXTargetDependency;
			target = 192A5ABC27E0E53F00ABC392 /* TMDB (macOS) */;
			targetProxy = 192A5AD127E0E53F00ABC392 /* PBXContainerItemProxy */;
		};
/* End PBXTargetDependency section */

/* Begin XCBuildConfiguration section */
		192A5ADE27E0E53F00ABC392 /* Debug */ = {
			isa = XCBuildConfiguration;
			buildSettings = {
				ALWAYS_SEARCH_USER_PATHS = NO;
				CLANG_ANALYZER_NONNULL = YES;
				CLANG_ANALYZER_NUMBER_OBJECT_CONVERSION = YES_AGGRESSIVE;
				CLANG_CXX_LANGUAGE_STANDARD = "gnu++17";
				CLANG_CXX_LIBRARY = "libc++";
				CLANG_ENABLE_MODULES = YES;
				CLANG_ENABLE_OBJC_ARC = YES;
				CLANG_ENABLE_OBJC_WEAK = YES;
				CLANG_WARN_BLOCK_CAPTURE_AUTORELEASING = YES;
				CLANG_WARN_BOOL_CONVERSION = YES;
				CLANG_WARN_COMMA = YES;
				CLANG_WARN_CONSTANT_CONVERSION = YES;
				CLANG_WARN_DEPRECATED_OBJC_IMPLEMENTATIONS = YES;
				CLANG_WARN_DIRECT_OBJC_ISA_USAGE = YES_ERROR;
				CLANG_WARN_DOCUMENTATION_COMMENTS = YES;
				CLANG_WARN_EMPTY_BODY = YES;
				CLANG_WARN_ENUM_CONVERSION = YES;
				CLANG_WARN_INFINITE_RECURSION = YES;
				CLANG_WARN_INT_CONVERSION = YES;
				CLANG_WARN_NON_LITERAL_NULL_CONVERSION = YES;
				CLANG_WARN_OBJC_IMPLICIT_RETAIN_SELF = YES;
				CLANG_WARN_OBJC_LITERAL_CONVERSION = YES;
				CLANG_WARN_OBJC_ROOT_CLASS = YES_ERROR;
				CLANG_WARN_QUOTED_INCLUDE_IN_FRAMEWORK_HEADER = YES;
				CLANG_WARN_RANGE_LOOP_ANALYSIS = YES;
				CLANG_WARN_STRICT_PROTOTYPES = YES;
				CLANG_WARN_SUSPICIOUS_MOVE = YES;
				CLANG_WARN_UNGUARDED_AVAILABILITY = YES_AGGRESSIVE;
				CLANG_WARN_UNREACHABLE_CODE = YES;
				CLANG_WARN__DUPLICATE_METHOD_MATCH = YES;
				COPY_PHASE_STRIP = NO;
				DEBUG_INFORMATION_FORMAT = dwarf;
				ENABLE_STRICT_OBJC_MSGSEND = YES;
				ENABLE_TESTABILITY = YES;
				GCC_C_LANGUAGE_STANDARD = gnu11;
				GCC_DYNAMIC_NO_PIC = NO;
				GCC_NO_COMMON_BLOCKS = YES;
				GCC_OPTIMIZATION_LEVEL = 0;
				GCC_PREPROCESSOR_DEFINITIONS = (
					"DEBUG=1",
					"$(inherited)",
				);
				GCC_WARN_64_TO_32_BIT_CONVERSION = YES;
				GCC_WARN_ABOUT_RETURN_TYPE = YES_ERROR;
				GCC_WARN_UNDECLARED_SELECTOR = YES;
				GCC_WARN_UNINITIALIZED_AUTOS = YES_AGGRESSIVE;
				GCC_WARN_UNUSED_FUNCTION = YES;
				GCC_WARN_UNUSED_VARIABLE = YES;
				MTL_ENABLE_DEBUG_INFO = INCLUDE_SOURCE;
				MTL_FAST_MATH = YES;
				ONLY_ACTIVE_ARCH = YES;
				SWIFT_ACTIVE_COMPILATION_CONDITIONS = DEBUG;
				SWIFT_OPTIMIZATION_LEVEL = "-Onone";
			};
			name = Debug;
		};
		192A5ADF27E0E53F00ABC392 /* Release */ = {
			isa = XCBuildConfiguration;
			buildSettings = {
				ALWAYS_SEARCH_USER_PATHS = NO;
				CLANG_ANALYZER_NONNULL = YES;
				CLANG_ANALYZER_NUMBER_OBJECT_CONVERSION = YES_AGGRESSIVE;
				CLANG_CXX_LANGUAGE_STANDARD = "gnu++17";
				CLANG_CXX_LIBRARY = "libc++";
				CLANG_ENABLE_MODULES = YES;
				CLANG_ENABLE_OBJC_ARC = YES;
				CLANG_ENABLE_OBJC_WEAK = YES;
				CLANG_WARN_BLOCK_CAPTURE_AUTORELEASING = YES;
				CLANG_WARN_BOOL_CONVERSION = YES;
				CLANG_WARN_COMMA = YES;
				CLANG_WARN_CONSTANT_CONVERSION = YES;
				CLANG_WARN_DEPRECATED_OBJC_IMPLEMENTATIONS = YES;
				CLANG_WARN_DIRECT_OBJC_ISA_USAGE = YES_ERROR;
				CLANG_WARN_DOCUMENTATION_COMMENTS = YES;
				CLANG_WARN_EMPTY_BODY = YES;
				CLANG_WARN_ENUM_CONVERSION = YES;
				CLANG_WARN_INFINITE_RECURSION = YES;
				CLANG_WARN_INT_CONVERSION = YES;
				CLANG_WARN_NON_LITERAL_NULL_CONVERSION = YES;
				CLANG_WARN_OBJC_IMPLICIT_RETAIN_SELF = YES;
				CLANG_WARN_OBJC_LITERAL_CONVERSION = YES;
				CLANG_WARN_OBJC_ROOT_CLASS = YES_ERROR;
				CLANG_WARN_QUOTED_INCLUDE_IN_FRAMEWORK_HEADER = YES;
				CLANG_WARN_RANGE_LOOP_ANALYSIS = YES;
				CLANG_WARN_STRICT_PROTOTYPES = YES;
				CLANG_WARN_SUSPICIOUS_MOVE = YES;
				CLANG_WARN_UNGUARDED_AVAILABILITY = YES_AGGRESSIVE;
				CLANG_WARN_UNREACHABLE_CODE = YES;
				CLANG_WARN__DUPLICATE_METHOD_MATCH = YES;
				COPY_PHASE_STRIP = NO;
				DEBUG_INFORMATION_FORMAT = "dwarf-with-dsym";
				ENABLE_NS_ASSERTIONS = NO;
				ENABLE_STRICT_OBJC_MSGSEND = YES;
				GCC_C_LANGUAGE_STANDARD = gnu11;
				GCC_NO_COMMON_BLOCKS = YES;
				GCC_WARN_64_TO_32_BIT_CONVERSION = YES;
				GCC_WARN_ABOUT_RETURN_TYPE = YES_ERROR;
				GCC_WARN_UNDECLARED_SELECTOR = YES;
				GCC_WARN_UNINITIALIZED_AUTOS = YES_AGGRESSIVE;
				GCC_WARN_UNUSED_FUNCTION = YES;
				GCC_WARN_UNUSED_VARIABLE = YES;
				MTL_ENABLE_DEBUG_INFO = NO;
				MTL_FAST_MATH = YES;
				SWIFT_COMPILATION_MODE = wholemodule;
				SWIFT_OPTIMIZATION_LEVEL = "-O";
			};
			name = Release;
		};
		192A5AE127E0E53F00ABC392 /* Debug */ = {
			isa = XCBuildConfiguration;
			buildSettings = {
				ASSETCATALOG_COMPILER_APPICON_NAME = AppIcon;
				ASSETCATALOG_COMPILER_GLOBAL_ACCENT_COLOR_NAME = AccentColor;
				CODE_SIGN_STYLE = Automatic;
				CURRENT_PROJECT_VERSION = 1;
				DEVELOPMENT_TEAM = GMW53CV982;
				ENABLE_PREVIEWS = YES;
				GENERATE_INFOPLIST_FILE = YES;
				INFOPLIST_KEY_UIApplicationSceneManifest_Generation = YES;
				INFOPLIST_KEY_UIApplicationSupportsIndirectInputEvents = YES;
				INFOPLIST_KEY_UILaunchScreen_Generation = YES;
				INFOPLIST_KEY_UISupportedInterfaceOrientations_iPad = "UIInterfaceOrientationPortrait UIInterfaceOrientationPortraitUpsideDown UIInterfaceOrientationLandscapeLeft UIInterfaceOrientationLandscapeRight";
				INFOPLIST_KEY_UISupportedInterfaceOrientations_iPhone = "UIInterfaceOrientationPortrait UIInterfaceOrientationLandscapeLeft UIInterfaceOrientationLandscapeRight";
				IPHONEOS_DEPLOYMENT_TARGET = 15.2;
				LD_RUNPATH_SEARCH_PATHS = (
					"$(inherited)",
					"@executable_path/Frameworks",
				);
				MARKETING_VERSION = 1.0;
				PRODUCT_BUNDLE_IDENTIFIER = com.namosino.TMDB;
				PRODUCT_NAME = TMDB;
				SDKROOT = iphoneos;
				SWIFT_EMIT_LOC_STRINGS = YES;
				SWIFT_VERSION = 5.0;
				TARGETED_DEVICE_FAMILY = "1,2";
			};
			name = Debug;
		};
		192A5AE227E0E53F00ABC392 /* Release */ = {
			isa = XCBuildConfiguration;
			buildSettings = {
				ASSETCATALOG_COMPILER_APPICON_NAME = AppIcon;
				ASSETCATALOG_COMPILER_GLOBAL_ACCENT_COLOR_NAME = AccentColor;
				CODE_SIGN_STYLE = Automatic;
				CURRENT_PROJECT_VERSION = 1;
				DEVELOPMENT_TEAM = GMW53CV982;
				ENABLE_PREVIEWS = YES;
				GENERATE_INFOPLIST_FILE = YES;
				INFOPLIST_KEY_UIApplicationSceneManifest_Generation = YES;
				INFOPLIST_KEY_UIApplicationSupportsIndirectInputEvents = YES;
				INFOPLIST_KEY_UILaunchScreen_Generation = YES;
				INFOPLIST_KEY_UISupportedInterfaceOrientations_iPad = "UIInterfaceOrientationPortrait UIInterfaceOrientationPortraitUpsideDown UIInterfaceOrientationLandscapeLeft UIInterfaceOrientationLandscapeRight";
				INFOPLIST_KEY_UISupportedInterfaceOrientations_iPhone = "UIInterfaceOrientationPortrait UIInterfaceOrientationLandscapeLeft UIInterfaceOrientationLandscapeRight";
				IPHONEOS_DEPLOYMENT_TARGET = 15.2;
				LD_RUNPATH_SEARCH_PATHS = (
					"$(inherited)",
					"@executable_path/Frameworks",
				);
				MARKETING_VERSION = 1.0;
				PRODUCT_BUNDLE_IDENTIFIER = com.namosino.TMDB;
				PRODUCT_NAME = TMDB;
				SDKROOT = iphoneos;
				SWIFT_EMIT_LOC_STRINGS = YES;
				SWIFT_VERSION = 5.0;
				TARGETED_DEVICE_FAMILY = "1,2";
				VALIDATE_PRODUCT = YES;
			};
			name = Release;
		};
		192A5AE427E0E53F00ABC392 /* Debug */ = {
			isa = XCBuildConfiguration;
			buildSettings = {
				ASSETCATALOG_COMPILER_APPICON_NAME = AppIcon;
				ASSETCATALOG_COMPILER_GLOBAL_ACCENT_COLOR_NAME = AccentColor;
				CODE_SIGN_ENTITLEMENTS = macOS/macOS.entitlements;
				CODE_SIGN_STYLE = Automatic;
				COMBINE_HIDPI_IMAGES = YES;
				CURRENT_PROJECT_VERSION = 1;
				DEVELOPMENT_TEAM = GMW53CV982;
				ENABLE_HARDENED_RUNTIME = YES;
				ENABLE_PREVIEWS = YES;
				GENERATE_INFOPLIST_FILE = YES;
				INFOPLIST_KEY_NSHumanReadableCopyright = "";
				LD_RUNPATH_SEARCH_PATHS = (
					"$(inherited)",
					"@executable_path/../Frameworks",
				);
				MACOSX_DEPLOYMENT_TARGET = 12.1;
				MARKETING_VERSION = 1.0;
				PRODUCT_BUNDLE_IDENTIFIER = com.namosino.TMDB;
				PRODUCT_NAME = TMDB;
				SDKROOT = macosx;
				SWIFT_EMIT_LOC_STRINGS = YES;
				SWIFT_VERSION = 5.0;
			};
			name = Debug;
		};
		192A5AE527E0E53F00ABC392 /* Release */ = {
			isa = XCBuildConfiguration;
			buildSettings = {
				ASSETCATALOG_COMPILER_APPICON_NAME = AppIcon;
				ASSETCATALOG_COMPILER_GLOBAL_ACCENT_COLOR_NAME = AccentColor;
				CODE_SIGN_ENTITLEMENTS = macOS/macOS.entitlements;
				CODE_SIGN_STYLE = Automatic;
				COMBINE_HIDPI_IMAGES = YES;
				CURRENT_PROJECT_VERSION = 1;
				DEVELOPMENT_TEAM = GMW53CV982;
				ENABLE_HARDENED_RUNTIME = YES;
				ENABLE_PREVIEWS = YES;
				GENERATE_INFOPLIST_FILE = YES;
				INFOPLIST_KEY_NSHumanReadableCopyright = "";
				LD_RUNPATH_SEARCH_PATHS = (
					"$(inherited)",
					"@executable_path/../Frameworks",
				);
				MACOSX_DEPLOYMENT_TARGET = 12.1;
				MARKETING_VERSION = 1.0;
				PRODUCT_BUNDLE_IDENTIFIER = com.namosino.TMDB;
				PRODUCT_NAME = TMDB;
				SDKROOT = macosx;
				SWIFT_EMIT_LOC_STRINGS = YES;
				SWIFT_VERSION = 5.0;
			};
			name = Release;
		};
		192A5AE727E0E53F00ABC392 /* Debug */ = {
			isa = XCBuildConfiguration;
			buildSettings = {
				ALWAYS_EMBED_SWIFT_STANDARD_LIBRARIES = YES;
				CODE_SIGN_STYLE = Automatic;
				CURRENT_PROJECT_VERSION = 1;
				DEVELOPMENT_TEAM = GMW53CV982;
				GENERATE_INFOPLIST_FILE = YES;
				IPHONEOS_DEPLOYMENT_TARGET = 15.2;
				MARKETING_VERSION = 1.0;
				PRODUCT_BUNDLE_IDENTIFIER = "com.namosino.Tests-iOS";
				PRODUCT_NAME = "$(TARGET_NAME)";
				SDKROOT = iphoneos;
				SWIFT_EMIT_LOC_STRINGS = NO;
				SWIFT_VERSION = 5.0;
				TARGETED_DEVICE_FAMILY = "1,2";
				TEST_TARGET_NAME = "TMDB (iOS)";
			};
			name = Debug;
		};
		192A5AE827E0E53F00ABC392 /* Release */ = {
			isa = XCBuildConfiguration;
			buildSettings = {
				ALWAYS_EMBED_SWIFT_STANDARD_LIBRARIES = YES;
				CODE_SIGN_STYLE = Automatic;
				CURRENT_PROJECT_VERSION = 1;
				DEVELOPMENT_TEAM = GMW53CV982;
				GENERATE_INFOPLIST_FILE = YES;
				IPHONEOS_DEPLOYMENT_TARGET = 15.2;
				MARKETING_VERSION = 1.0;
				PRODUCT_BUNDLE_IDENTIFIER = "com.namosino.Tests-iOS";
				PRODUCT_NAME = "$(TARGET_NAME)";
				SDKROOT = iphoneos;
				SWIFT_EMIT_LOC_STRINGS = NO;
				SWIFT_VERSION = 5.0;
				TARGETED_DEVICE_FAMILY = "1,2";
				TEST_TARGET_NAME = "TMDB (iOS)";
				VALIDATE_PRODUCT = YES;
			};
			name = Release;
		};
		192A5AEA27E0E53F00ABC392 /* Debug */ = {
			isa = XCBuildConfiguration;
			buildSettings = {
				ALWAYS_EMBED_SWIFT_STANDARD_LIBRARIES = YES;
				CODE_SIGN_STYLE = Automatic;
				CURRENT_PROJECT_VERSION = 1;
				DEVELOPMENT_TEAM = GMW53CV982;
				GENERATE_INFOPLIST_FILE = YES;
				MACOSX_DEPLOYMENT_TARGET = 12.1;
				MARKETING_VERSION = 1.0;
				PRODUCT_BUNDLE_IDENTIFIER = "com.namosino.Tests-macOS";
				PRODUCT_NAME = "$(TARGET_NAME)";
				SDKROOT = macosx;
				SWIFT_EMIT_LOC_STRINGS = NO;
				SWIFT_VERSION = 5.0;
				TEST_TARGET_NAME = "TMDB (macOS)";
			};
			name = Debug;
		};
		192A5AEB27E0E53F00ABC392 /* Release */ = {
			isa = XCBuildConfiguration;
			buildSettings = {
				ALWAYS_EMBED_SWIFT_STANDARD_LIBRARIES = YES;
				CODE_SIGN_STYLE = Automatic;
				CURRENT_PROJECT_VERSION = 1;
				DEVELOPMENT_TEAM = GMW53CV982;
				GENERATE_INFOPLIST_FILE = YES;
				MACOSX_DEPLOYMENT_TARGET = 12.1;
				MARKETING_VERSION = 1.0;
				PRODUCT_BUNDLE_IDENTIFIER = "com.namosino.Tests-macOS";
				PRODUCT_NAME = "$(TARGET_NAME)";
				SDKROOT = macosx;
				SWIFT_EMIT_LOC_STRINGS = NO;
				SWIFT_VERSION = 5.0;
				TEST_TARGET_NAME = "TMDB (macOS)";
			};
			name = Release;
		};
/* End XCBuildConfiguration section */

/* Begin XCConfigurationList section */
		192A5AAE27E0E53E00ABC392 /* Build configuration list for PBXProject "TMDB" */ = {
			isa = XCConfigurationList;
			buildConfigurations = (
				192A5ADE27E0E53F00ABC392 /* Debug */,
				192A5ADF27E0E53F00ABC392 /* Release */,
			);
			defaultConfigurationIsVisible = 0;
			defaultConfigurationName = Release;
		};
		192A5AE027E0E53F00ABC392 /* Build configuration list for PBXNativeTarget "TMDB (iOS)" */ = {
			isa = XCConfigurationList;
			buildConfigurations = (
				192A5AE127E0E53F00ABC392 /* Debug */,
				192A5AE227E0E53F00ABC392 /* Release */,
			);
			defaultConfigurationIsVisible = 0;
			defaultConfigurationName = Release;
		};
		192A5AE327E0E53F00ABC392 /* Build configuration list for PBXNativeTarget "TMDB (macOS)" */ = {
			isa = XCConfigurationList;
			buildConfigurations = (
				192A5AE427E0E53F00ABC392 /* Debug */,
				192A5AE527E0E53F00ABC392 /* Release */,
			);
			defaultConfigurationIsVisible = 0;
			defaultConfigurationName = Release;
		};
		192A5AE627E0E53F00ABC392 /* Build configuration list for PBXNativeTarget "Tests iOS" */ = {
			isa = XCConfigurationList;
			buildConfigurations = (
				192A5AE727E0E53F00ABC392 /* Debug */,
				192A5AE827E0E53F00ABC392 /* Release */,
			);
			defaultConfigurationIsVisible = 0;
			defaultConfigurationName = Release;
		};
		192A5AE927E0E53F00ABC392 /* Build configuration list for PBXNativeTarget "Tests macOS" */ = {
			isa = XCConfigurationList;
			buildConfigurations = (
				192A5AEA27E0E53F00ABC392 /* Debug */,
				192A5AEB27E0E53F00ABC392 /* Release */,
			);
			defaultConfigurationIsVisible = 0;
			defaultConfigurationName = Release;
		};
/* End XCConfigurationList section */
	};
	rootObject = 192A5AAB27E0E53E00ABC392 /* Project object */;
}
